
Microsoft Visual Studio Solution File, Format Version 12.00
# Visual Studio Version 17
VisualStudioVersion = 17.3.32819.101
MinimumVisualStudioVersion = 10.0.40219.1
Project("{9A19103F-16F7-4668-BE54-9A1E7A4F7556}") = "Entertainment_App", "Entertainment_App\Entertainment_App.csproj", "{498F3BA2-4D0D-4461-A16B-96CDE0336F36}"
EndProject
Project("{9A19103F-16F7-4668-BE54-9A1E7A4F7556}") = "MovieLibraryEntities", "MovieLibraryEntities\MovieLibraryEntities.csproj", "{38AC7102-5920-44E3-BDB0-EC4FA5D982AA}"
EndProject
Global
	GlobalSection(SolutionConfigurationPlatforms) = preSolution
		Debug|Any CPU = Debug|Any CPU
		Release|Any CPU = Release|Any CPU
	EndGlobalSection
	GlobalSection(ProjectConfigurationPlatforms) = postSolution
		{498F3BA2-4D0D-4461-A16B-96CDE0336F36}.Debug|Any CPU.ActiveCfg = Debug|Any CPU
		{498F3BA2-4D0D-4461-A16B-96CDE0336F36}.Debug|Any CPU.Build.0 = Debug|Any CPU
		{498F3BA2-4D0D-4461-A16B-96CDE0336F36}.Release|Any CPU.ActiveCfg = Release|Any CPU
		{498F3BA2-4D0D-4461-A16B-96CDE0336F36}.Release|Any CPU.Build.0 = Release|Any CPU
		{38AC7102-5920-44E3-BDB0-EC4FA5D982AA}.Debug|Any CPU.ActiveCfg = Debug|Any CPU
		{38AC7102-5920-44E3-BDB0-EC4FA5D982AA}.Debug|Any CPU.Build.0 = Debug|Any CPU
		{38AC7102-5920-44E3-BDB0-EC4FA5D982AA}.Release|Any CPU.ActiveCfg = Release|Any CPU
		{38AC7102-5920-44E3-BDB0-EC4FA5D982AA}.Release|Any CPU.Build.0 = Release|Any CPU
	EndGlobalSection
	GlobalSection(SolutionProperties) = preSolution
		HideSolutionNode = FALSE
	EndGlobalSection
	GlobalSection(ExtensibilityGlobals) = postSolution
		SolutionGuid = {5B972AD9-2D83-40DF-B2A4-CA1EE5D66DAC}
	EndGlobalSection
EndGlobal
